
Microsoft Visual Studio Solution File, Format Version 12.00
# Visual Studio Version 17
VisualStudioVersion = 17.1.32210.238
MinimumVisualStudioVersion = 10.0.40219.1
Project("{FAE04EC0-301F-11D3-BF4B-00C04F79EFBC}") = "_153502_Radyukevich", "_153502_Radyukevich\_153502_Radyukevich.csproj", "{44B0DABB-CE15-4444-9A74-5D0BA248186C}"
EndProject
Global
	GlobalSection(SolutionConfigurationPlatforms) = preSolution
		Debug|Any CPU = Debug|Any CPU
		Release|Any CPU = Release|Any CPU
	EndGlobalSection
	GlobalSection(ProjectConfigurationPlatforms) = postSolution
		{44B0DABB-CE15-4444-9A74-5D0BA248186C}.Debug|Any CPU.ActiveCfg = Debug|Any CPU
		{44B0DABB-CE15-4444-9A74-5D0BA248186C}.Debug|Any CPU.Build.0 = Debug|Any CPU
		{44B0DABB-CE15-4444-9A74-5D0BA248186C}.Release|Any CPU.ActiveCfg = Release|Any CPU
		{44B0DABB-CE15-4444-9A74-5D0BA248186C}.Release|Any CPU.Build.0 = Release|Any CPU
	EndGlobalSection
	GlobalSection(SolutionProperties) = preSolution
		HideSolutionNode = FALSE
	EndGlobalSection
	GlobalSection(ExtensibilityGlobals) = postSolution
		SolutionGuid = {5CD4AB7D-3115-4E81-9683-C435F1DB39B0}
	EndGlobalSection
EndGlobal
