
Microsoft Visual Studio Solution File, Format Version 12.00
# Visual Studio Version 17
VisualStudioVersion = 17.1.32210.238
MinimumVisualStudioVersion = 10.0.40219.1
Project("{9A19103F-16F7-4668-BE54-9A1E7A4F7556}") = "Laba 4", "Laba 4\Laba 4.csproj", "{AD4569AF-66C3-4397-8000-AA68D6C7762A}"
EndProject
Project("{FAE04EC0-301F-11D3-BF4B-00C04F79EFBC}") = "Laba 4. Test", "Laba 4. Test\Laba 4. Test.csproj", "{ACE33A31-E0B0-46EC-9F1E-8F65DD36A04C}"
EndProject
Global
	GlobalSection(SolutionConfigurationPlatforms) = preSolution
		Debug|Any CPU = Debug|Any CPU
		Release|Any CPU = Release|Any CPU
	EndGlobalSection
	GlobalSection(ProjectConfigurationPlatforms) = postSolution
		{AD4569AF-66C3-4397-8000-AA68D6C7762A}.Debug|Any CPU.ActiveCfg = Debug|Any CPU
		{AD4569AF-66C3-4397-8000-AA68D6C7762A}.Debug|Any CPU.Build.0 = Debug|Any CPU
		{AD4569AF-66C3-4397-8000-AA68D6C7762A}.Release|Any CPU.ActiveCfg = Release|Any CPU
		{AD4569AF-66C3-4397-8000-AA68D6C7762A}.Release|Any CPU.Build.0 = Release|Any CPU
		{ACE33A31-E0B0-46EC-9F1E-8F65DD36A04C}.Debug|Any CPU.ActiveCfg = Debug|Any CPU
		{ACE33A31-E0B0-46EC-9F1E-8F65DD36A04C}.Debug|Any CPU.Build.0 = Debug|Any CPU
		{ACE33A31-E0B0-46EC-9F1E-8F65DD36A04C}.Release|Any CPU.ActiveCfg = Release|Any CPU
		{ACE33A31-E0B0-46EC-9F1E-8F65DD36A04C}.Release|Any CPU.Build.0 = Release|Any CPU
	EndGlobalSection
	GlobalSection(SolutionProperties) = preSolution
		HideSolutionNode = FALSE
	EndGlobalSection
	GlobalSection(ExtensibilityGlobals) = postSolution
		SolutionGuid = {DA2B1E4D-C6CF-464D-A0A4-74DA257E9537}
	EndGlobalSection
EndGlobal
