
Microsoft Visual Studio Solution File, Format Version 12.00
# Visual Studio Version 17
VisualStudioVersion = 17.1.32210.238
MinimumVisualStudioVersion = 10.0.40219.1
Project("{9A19103F-16F7-4668-BE54-9A1E7A4F7556}") = "Laba_8", "Laba_8\Laba_8.csproj", "{67BBB7BC-6E62-490A-AF00-063EAE82B57D}"
EndProject
Project("{FAE04EC0-301F-11D3-BF4B-00C04F79EFBC}") = "Test", "Test\Test.csproj", "{04165399-5D24-493F-B3F6-5CE5F98F1551}"
EndProject
Global
	GlobalSection(SolutionConfigurationPlatforms) = preSolution
		Debug|Any CPU = Debug|Any CPU
		Release|Any CPU = Release|Any CPU
	EndGlobalSection
	GlobalSection(ProjectConfigurationPlatforms) = postSolution
		{67BBB7BC-6E62-490A-AF00-063EAE82B57D}.Debug|Any CPU.ActiveCfg = Debug|Any CPU
		{67BBB7BC-6E62-490A-AF00-063EAE82B57D}.Debug|Any CPU.Build.0 = Debug|Any CPU
		{67BBB7BC-6E62-490A-AF00-063EAE82B57D}.Release|Any CPU.ActiveCfg = Release|Any CPU
		{67BBB7BC-6E62-490A-AF00-063EAE82B57D}.Release|Any CPU.Build.0 = Release|Any CPU
		{04165399-5D24-493F-B3F6-5CE5F98F1551}.Debug|Any CPU.ActiveCfg = Debug|Any CPU
		{04165399-5D24-493F-B3F6-5CE5F98F1551}.Debug|Any CPU.Build.0 = Debug|Any CPU
		{04165399-5D24-493F-B3F6-5CE5F98F1551}.Release|Any CPU.ActiveCfg = Release|Any CPU
		{04165399-5D24-493F-B3F6-5CE5F98F1551}.Release|Any CPU.Build.0 = Release|Any CPU
	EndGlobalSection
	GlobalSection(SolutionProperties) = preSolution
		HideSolutionNode = FALSE
	EndGlobalSection
	GlobalSection(ExtensibilityGlobals) = postSolution
		SolutionGuid = {6B86D453-654B-47D7-B0B4-E0E24C146E4C}
	EndGlobalSection
EndGlobal
